
Microsoft Visual Studio Solution File, Format Version 12.00
# Visual Studio Version 17
VisualStudioVersion = 17.8.34511.84
MinimumVisualStudioVersion = 10.0.40219.1
Project("{FAE04EC0-301F-11D3-BF4B-00C04F79EFBC}") = "2 day", "2 day.csproj", "{3F4642E6-0DBB-46E5-8BF6-7B1C80182BDA}"
EndProject
Global
	GlobalSection(SolutionConfigurationPlatforms) = preSolution
		Debug|Any CPU = Debug|Any CPU
		Release|Any CPU = Release|Any CPU
	EndGlobalSection
	GlobalSection(ProjectConfigurationPlatforms) = postSolution
		{3F4642E6-0DBB-46E5-8BF6-7B1C80182BDA}.Debug|Any CPU.ActiveCfg = Debug|Any CPU
		{3F4642E6-0DBB-46E5-8BF6-7B1C80182BDA}.Debug|Any CPU.Build.0 = Debug|Any CPU
		{3F4642E6-0DBB-46E5-8BF6-7B1C80182BDA}.Release|Any CPU.ActiveCfg = Release|Any CPU
		{3F4642E6-0DBB-46E5-8BF6-7B1C80182BDA}.Release|Any CPU.Build.0 = Release|Any CPU
	EndGlobalSection
	GlobalSection(SolutionProperties) = preSolution
		HideSolutionNode = FALSE
	EndGlobalSection
	GlobalSection(ExtensibilityGlobals) = postSolution
		SolutionGuid = {CAFEFB56-3A22-4B19-AEEC-E60AA0E89407}
	EndGlobalSection
EndGlobal
